
Microsoft Visual Studio Solution File, Format Version 12.00
# Visual Studio Version 17
VisualStudioVersion = 17.7.34009.444
MinimumVisualStudioVersion = 10.0.40219.1
Project("{FAE04EC0-301F-11D3-BF4B-00C04F79EFBC}") = "2Uzduotis_MultiArrays", "2Uzduotis_MultiArrays\2Uzduotis_MultiArrays.csproj", "{BA6844CD-20FC-430B-BCF1-D8422E32D473}"
EndProject
Global
	GlobalSection(SolutionConfigurationPlatforms) = preSolution
		Debug|Any CPU = Debug|Any CPU
		Release|Any CPU = Release|Any CPU
	EndGlobalSection
	GlobalSection(ProjectConfigurationPlatforms) = postSolution
		{BA6844CD-20FC-430B-BCF1-D8422E32D473}.Debug|Any CPU.ActiveCfg = Debug|Any CPU
		{BA6844CD-20FC-430B-BCF1-D8422E32D473}.Debug|Any CPU.Build.0 = Debug|Any CPU
		{BA6844CD-20FC-430B-BCF1-D8422E32D473}.Release|Any CPU.ActiveCfg = Release|Any CPU
		{BA6844CD-20FC-430B-BCF1-D8422E32D473}.Release|Any CPU.Build.0 = Release|Any CPU
	EndGlobalSection
	GlobalSection(SolutionProperties) = preSolution
		HideSolutionNode = FALSE
	EndGlobalSection
	GlobalSection(ExtensibilityGlobals) = postSolution
		SolutionGuid = {AEE1EE7F-BCB0-4111-AA5E-447F9354DCAE}
	EndGlobalSection
EndGlobal
